// !$*UTF8*$!
{
	archiveVersion = 1;
	classes = {
	};
	objectVersion = 46;
	objects = {

/* Begin PBXBuildFile section */
		1750E2BE1DACD098009D2BE1 /* main.m in Sources */ = {isa = PBXBuildFile; fileRef = 1750E2BD1DACD098009D2BE1 /* main.m */; };
		1750E2C11DACD098009D2BE1 /* AppDelegate.m in Sources */ = {isa = PBXBuildFile; fileRef = 1750E2C01DACD098009D2BE1 /* AppDelegate.m */; };
		1750E2C41DACD098009D2BE1 /* ViewController.m in Sources */ = {isa = PBXBuildFile; fileRef = 1750E2C31DACD098009D2BE1 /* ViewController.m */; };
		1750E2C71DACD098009D2BE1 /* Main.storyboard in Resources */ = {isa = PBXBuildFile; fileRef = 1750E2C51DACD098009D2BE1 /* Main.storyboard */; };
		1750E2C91DACD098009D2BE1 /* Assets.xcassets in Resources */ = {isa = PBXBuildFile; fileRef = 1750E2C81DACD098009D2BE1 /* Assets.xcassets */; };
		1750E2CC1DACD098009D2BE1 /* LaunchScreen.storyboard in Resources */ = {isa = PBXBuildFile; fileRef = 1750E2CA1DACD098009D2BE1 /* LaunchScreen.storyboard */; };
		1750E2D71DACD098009D2BE1 /* NewFeatureDemoTests.m in Sources */ = {isa = PBXBuildFile; fileRef = 1750E2D61DACD098009D2BE1 /* NewFeatureDemoTests.m */; };
		1750E2E21DACD098009D2BE1 /* NewFeatureDemoUITests.m in Sources */ = {isa = PBXBuildFile; fileRef = 1750E2E11DACD098009D2BE1 /* NewFeatureDemoUITests.m */; };
		1750E2F31DACD270009D2BE1 /* XLJNewFetureController.m in Sources */ = {isa = PBXBuildFile; fileRef = 1750E2F21DACD270009D2BE1 /* XLJNewFetureController.m */; };
		1750E2F61DACD2D2009D2BE1 /* UIView+XLJExternFrame.m in Sources */ = {isa = PBXBuildFile; fileRef = 1750E2F51DACD2D2009D2BE1 /* UIView+XLJExternFrame.m */; };
		1750E2FC1DACD7A8009D2BE1 /* XLJCollectionViewCell.m in Sources */ = {isa = PBXBuildFile; fileRef = 1750E2FB1DACD7A8009D2BE1 /* XLJCollectionViewCell.m */; };
		17C8E55E1DACDD930025B6D1 /* XLJExButton.m in Sources */ = {isa = PBXBuildFile; fileRef = 17C8E55D1DACDD930025B6D1 /* XLJExButton.m */; };
/* End PBXBuildFile section */

/* Begin PBXContainerItemProxy section */
		1750E2D31DACD098009D2BE1 /* PBXContainerItemProxy */ = {
			isa = PBXContainerItemProxy;
			containerPortal = 1750E2B11DACD098009D2BE1 /* Project object */;
			proxyType = 1;
			remoteGlobalIDString = 1750E2B81DACD098009D2BE1;
			remoteInfo = NewFeatureDemo;
		};
		1750E2DE1DACD098009D2BE1 /* PBXContainerItemProxy */ = {
			isa = PBXContainerItemProxy;
			containerPortal = 1750E2B11DACD098009D2BE1 /* Project object */;
			proxyType = 1;
			remoteGlobalIDString = 1750E2B81DACD098009D2BE1;
			remoteInfo = NewFeatureDemo;
		};
/* End PBXContainerItemProxy section */

/* Begin PBXFileReference section */
		1750E2B91DACD098009D2BE1 /* NewFeatureDemo.app */ = {isa = PBXFileReference; explicitFileType = wrapper.application; includeInIndex = 0; path = NewFeatureDemo.app; sourceTree = BUILT_PRODUCTS_DIR; };
		1750E2BD1DACD098009D2BE1 /* main.m */ = {isa = PBXFileReference; lastKnownFileType = sourcecode.c.objc; path = main.m; sourceTree = "<group>"; };
		1750E2BF1DACD098009D2BE1 /* AppDelegate.h */ = {isa = PBXFileReference; lastKnownFileType = sourcecode.c.h; path = AppDelegate.h; sourceTree = "<group>"; };
		1750E2C01DACD098009D2BE1 /* AppDelegate.m */ = {isa = PBXFileReference; lastKnownFileType = sourcecode.c.objc; path = AppDelegate.m; sourceTree = "<group>"; };
		1750E2C21DACD098009D2BE1 /* ViewController.h */ = {isa = PBXFileReference; lastKnownFileType = sourcecode.c.h; path = ViewController.h; sourceTree = "<group>"; };
		1750E2C31DACD098009D2BE1 /* ViewController.m */ = {isa = PBXFileReference; lastKnownFileType = sourcecode.c.objc; path = ViewController.m; sourceTree = "<group>"; };
		1750E2C61DACD098009D2BE1 /* Base */ = {isa = PBXFileReference; lastKnownFileType = file.storyboard; name = Base; path = Base.lproj/Main.storyboard; sourceTree = "<group>"; };
		1750E2C81DACD098009D2BE1 /* Assets.xcassets */ = {isa = PBXFileReference; lastKnownFileType = folder.assetcatalog; path = Assets.xcassets; sourceTree = "<group>"; };
		1750E2CB1DACD098009D2BE1 /* Base */ = {isa = PBXFileReference; lastKnownFileType = file.storyboard; name = Base; path = Base.lproj/LaunchScreen.storyboard; sourceTree = "<group>"; };
		1750E2CD1DACD098009D2BE1 /* Info.plist */ = {isa = PBXFileReference; lastKnownFileType = text.plist.xml; path = Info.plist; sourceTree = "<group>"; };
		1750E2D21DACD098009D2BE1 /* NewFeatureDemoTests.xctest */ = {isa = PBXFileReference; explicitFileType = wrapper.cfbundle; includeInIndex = 0; path = NewFeatureDemoTests.xctest; sourceTree = BUILT_PRODUCTS_DIR; };
		1750E2D61DACD098009D2BE1 /* NewFeatureDemoTests.m */ = {isa = PBXFileReference; lastKnownFileType = sourcecode.c.objc; path = NewFeatureDemoTests.m; sourceTree = "<group>"; };
		1750E2D81DACD098009D2BE1 /* Info.plist */ = {isa = PBXFileReference; lastKnownFileType = text.plist.xml; path = Info.plist; sourceTree = "<group>"; };
		1750E2DD1DACD098009D2BE1 /* NewFeatureDemoUITests.xctest */ = {isa = PBXFileReference; explicitFileType = wrapper.cfbundle; includeInIndex = 0; path = NewFeatureDemoUITests.xctest; sourceTree = BUILT_PRODUCTS_DIR; };
		1750E2E11DACD098009D2BE1 /* NewFeatureDemoUITests.m */ = {isa = PBXFileReference; lastKnownFileType = sourcecode.c.objc; path = NewFeatureDemoUITests.m; sourceTree = "<group>"; };
		1750E2E31DACD098009D2BE1 /* Info.plist */ = {isa = PBXFileReference; lastKnownFileType = text.plist.xml; path = Info.plist; sourceTree = "<group>"; };
		1750E2F11DACD270009D2BE1 /* XLJNewFetureController.h */ = {isa = PBXFileReference; fileEncoding = 4; lastKnownFileType = sourcecode.c.h; path = XLJNewFetureController.h; sourceTree = "<group>"; };
		1750E2F21DACD270009D2BE1 /* XLJNewFetureController.m */ = {isa = PBXFileReference; fileEncoding = 4; lastKnownFileType = sourcecode.c.objc; path = XLJNewFetureController.m; sourceTree = "<group>"; };
		1750E2F41DACD2D2009D2BE1 /* UIView+XLJExternFrame.h */ = {isa = PBXFileReference; fileEncoding = 4; lastKnownFileType = sourcecode.c.h; path = "UIView+XLJExternFrame.h"; sourceTree = "<group>"; };
		1750E2F51DACD2D2009D2BE1 /* UIView+XLJExternFrame.m */ = {isa = PBXFileReference; fileEncoding = 4; lastKnownFileType = sourcecode.c.objc; path = "UIView+XLJExternFrame.m"; sourceTree = "<group>"; };
		1750E2FA1DACD7A8009D2BE1 /* XLJCollectionViewCell.h */ = {isa = PBXFileReference; fileEncoding = 4; lastKnownFileType = sourcecode.c.h; path = XLJCollectionViewCell.h; sourceTree = "<group>"; };
		1750E2FB1DACD7A8009D2BE1 /* XLJCollectionViewCell.m */ = {isa = PBXFileReference; fileEncoding = 4; lastKnownFileType = sourcecode.c.objc; path = XLJCollectionViewCell.m; sourceTree = "<group>"; };
		17C8E55C1DACDD930025B6D1 /* XLJExButton.h */ = {isa = PBXFileReference; fileEncoding = 4; lastKnownFileType = sourcecode.c.h; path = XLJExButton.h; sourceTree = "<group>"; };
		17C8E55D1DACDD930025B6D1 /* XLJExButton.m */ = {isa = PBXFileReference; fileEncoding = 4; lastKnownFileType = sourcecode.c.objc; path = XLJExButton.m; sourceTree = "<group>"; };
/* End PBXFileReference section */

/* Begin PBXFrameworksBuildPhase section */
		1750E2B61DACD098009D2BE1 /* Frameworks */ = {
			isa = PBXFrameworksBuildPhase;
			buildActionMask = 2147483647;
			files = (
			);
			runOnlyForDeploymentPostprocessing = 0;
		};
		1750E2CF1DACD098009D2BE1 /* Frameworks */ = {
			isa = PBXFrameworksBuildPhase;
			buildActionMask = 2147483647;
			files = (
			);
			runOnlyForDeploymentPostprocessing = 0;
		};
		1750E2DA1DACD098009D2BE1 /* Frameworks */ = {
			isa = PBXFrameworksBuildPhase;
			buildActionMask = 2147483647;
			files = (
			);
			runOnlyForDeploymentPostprocessing = 0;
		};
/* End PBXFrameworksBuildPhase section */

/* Begin PBXGroup section */
		1750E2B01DACD098009D2BE1 = {
			isa = PBXGroup;
			children = (
				1750E2BB1DACD098009D2BE1 /* NewFeatureDemo */,
				1750E2D51DACD098009D2BE1 /* NewFeatureDemoTests */,
				1750E2E01DACD098009D2BE1 /* NewFeatureDemoUITests */,
				1750E2BA1DACD098009D2BE1 /* Products */,
			);
			sourceTree = "<group>";
		};
		1750E2BA1DACD098009D2BE1 /* Products */ = {
			isa = PBXGroup;
			children = (
				1750E2B91DACD098009D2BE1 /* NewFeatureDemo.app */,
				1750E2D21DACD098009D2BE1 /* NewFeatureDemoTests.xctest */,
				1750E2DD1DACD098009D2BE1 /* NewFeatureDemoUITests.xctest */,
			);
			name = Products;
			sourceTree = "<group>";
		};
		1750E2BB1DACD098009D2BE1 /* NewFeatureDemo */ = {
			isa = PBXGroup;
			children = (
				1750E2EF1DACD247009D2BE1 /* Classes */,
				1750E2BF1DACD098009D2BE1 /* AppDelegate.h */,
				1750E2C01DACD098009D2BE1 /* AppDelegate.m */,
				1750E2C21DACD098009D2BE1 /* ViewController.h */,
				1750E2C31DACD098009D2BE1 /* ViewController.m */,
				1750E2C51DACD098009D2BE1 /* Main.storyboard */,
				1750E2C81DACD098009D2BE1 /* Assets.xcassets */,
				1750E2CA1DACD098009D2BE1 /* LaunchScreen.storyboard */,
				1750E2CD1DACD098009D2BE1 /* Info.plist */,
				1750E2BC1DACD098009D2BE1 /* Supporting Files */,
			);
			path = NewFeatureDemo;
			sourceTree = "<group>";
		};
		1750E2BC1DACD098009D2BE1 /* Supporting Files */ = {
			isa = PBXGroup;
			children = (
				1750E2BD1DACD098009D2BE1 /* main.m */,
			);
			name = "Supporting Files";
			sourceTree = "<group>";
		};
		1750E2D51DACD098009D2BE1 /* NewFeatureDemoTests */ = {
			isa = PBXGroup;
			children = (
				1750E2D61DACD098009D2BE1 /* NewFeatureDemoTests.m */,
				1750E2D81DACD098009D2BE1 /* Info.plist */,
			);
			path = NewFeatureDemoTests;
			sourceTree = "<group>";
		};
		1750E2E01DACD098009D2BE1 /* NewFeatureDemoUITests */ = {
			isa = PBXGroup;
			children = (
				1750E2E11DACD098009D2BE1 /* NewFeatureDemoUITests.m */,
				1750E2E31DACD098009D2BE1 /* Info.plist */,
			);
			path = NewFeatureDemoUITests;
			sourceTree = "<group>";
		};
		1750E2EF1DACD247009D2BE1 /* Classes */ = {
			isa = PBXGroup;
			children = (
				1750E2F01DACD247009D2BE1 /* newFeatures */,
			);
			path = Classes;
			sourceTree = "<group>";
		};
		1750E2F01DACD247009D2BE1 /* newFeatures */ = {
			isa = PBXGroup;
			children = (
				1750E2F11DACD270009D2BE1 /* XLJNewFetureController.h */,
				1750E2F21DACD270009D2BE1 /* XLJNewFetureController.m */,
				1750E2FA1DACD7A8009D2BE1 /* XLJCollectionViewCell.h */,
				1750E2FB1DACD7A8009D2BE1 /* XLJCollectionViewCell.m */,
				17C8E55C1DACDD930025B6D1 /* XLJExButton.h */,
				17C8E55D1DACDD930025B6D1 /* XLJExButton.m */,
				1750E2F41DACD2D2009D2BE1 /* UIView+XLJExternFrame.h */,
				1750E2F51DACD2D2009D2BE1 /* UIView+XLJExternFrame.m */,
			);
			path = newFeatures;
			sourceTree = "<group>";
		};
/* End PBXGroup section */

/* Begin PBXNativeTarget section */
		1750E2B81DACD098009D2BE1 /* NewFeatureDemo */ = {
			isa = PBXNativeTarget;
			buildConfigurationList = 1750E2E61DACD098009D2BE1 /* Build configuration list for PBXNativeTarget "NewFeatureDemo" */;
			buildPhases = (
				1750E2B51DACD098009D2BE1 /* Sources */,
				1750E2B61DACD098009D2BE1 /* Frameworks */,
				1750E2B71DACD098009D2BE1 /* Resources */,
			);
			buildRules = (
			);
			dependencies = (
			);
			name = NewFeatureDemo;
			productName = NewFeatureDemo;
			productReference = 1750E2B91DACD098009D2BE1 /* NewFeatureDemo.app */;
			productType = "com.apple.product-type.application";
		};
		1750E2D11DACD098009D2BE1 /* NewFeatureDemoTests */ = {
			isa = PBXNativeTarget;
			buildConfigurationList = 1750E2E91DACD098009D2BE1 /* Build configuration list for PBXNativeTarget "NewFeatureDemoTests" */;
			buildPhases = (
				1750E2CE1DACD098009D2BE1 /* Sources */,
				1750E2CF1DACD098009D2BE1 /* Frameworks */,
				1750E2D01DACD098009D2BE1 /* Resources */,
			);
			buildRules = (
			);
			dependencies = (
				1750E2D41DACD098009D2BE1 /* PBXTargetDependency */,
			);
			name = NewFeatureDemoTests;
			productName = NewFeatureDemoTests;
			productReference = 1750E2D21DACD098009D2BE1 /* NewFeatureDemoTests.xctest */;
			productType = "com.apple.product-type.bundle.unit-test";
		};
		1750E2DC1DACD098009D2BE1 /* NewFeatureDemoUITests */ = {
			isa = PBXNativeTarget;
			buildConfigurationList = 1750E2EC1DACD098009D2BE1 /* Build configuration list for PBXNativeTarget "NewFeatureDemoUITests" */;
			buildPhases = (
				1750E2D91DACD098009D2BE1 /* Sources */,
				1750E2DA1DACD098009D2BE1 /* Frameworks */,
				1750E2DB1DACD098009D2BE1 /* Resources */,
			);
			buildRules = (
			);
			dependencies = (
				1750E2DF1DACD098009D2BE1 /* PBXTargetDependency */,
			);
			name = NewFeatureDemoUITests;
			productName = NewFeatureDemoUITests;
			productReference = 1750E2DD1DACD098009D2BE1 /* NewFeatureDemoUITests.xctest */;
			productType = "com.apple.product-type.bundle.ui-testing";
		};
/* End PBXNativeTarget section */

/* Begin PBXProject section */
		1750E2B11DACD098009D2BE1 /* Project object */ = {
			isa = PBXProject;
			attributes = {
				CLASSPREFIX = XLJ;
				LastUpgradeCheck = 0720;
				ORGANIZATIONNAME = XLJ;
				TargetAttributes = {
					1750E2B81DACD098009D2BE1 = {
						CreatedOnToolsVersion = 7.2.1;
					};
					1750E2D11DACD098009D2BE1 = {
						CreatedOnToolsVersion = 7.2.1;
						TestTargetID = 1750E2B81DACD098009D2BE1;
					};
					1750E2DC1DACD098009D2BE1 = {
						CreatedOnToolsVersion = 7.2.1;
						TestTargetID = 1750E2B81DACD098009D2BE1;
					};
				};
			};
			buildConfigurationList = 1750E2B41DACD098009D2BE1 /* Build configuration list for PBXProject "NewFeatureDemo" */;
			compatibilityVersion = "Xcode 3.2";
			developmentRegion = English;
			hasScannedForEncodings = 0;
			knownRegions = (
				en,
				Base,
			);
			mainGroup = 1750E2B01DACD098009D2BE1;
			productRefGroup = 1750E2BA1DACD098009D2BE1 /* Products */;
			projectDirPath = "";
			projectRoot = "";
			targets = (
				1750E2B81DACD098009D2BE1 /* NewFeatureDemo */,
				1750E2D11DACD098009D2BE1 /* NewFeatureDemoTests */,
				1750E2DC1DACD098009D2BE1 /* NewFeatureDemoUITests */,
			);
		};
/* End PBXProject section */

/* Begin PBXResourcesBuildPhase section */
		1750E2B71DACD098009D2BE1 /* Resources */ = {
			isa = PBXResourcesBuildPhase;
			buildActionMask = 2147483647;
			files = (
				1750E2CC1DACD098009D2BE1 /* LaunchScreen.storyboard in Resources */,
				1750E2C91DACD098009D2BE1 /* Assets.xcassets in Resources */,
				1750E2C71DACD098009D2BE1 /* Main.storyboard in Resources */,
			);
			runOnlyForDeploymentPostprocessing = 0;
		};
		1750E2D01DACD098009D2BE1 /* Resources */ = {
			isa = PBXResourcesBuildPhase;
			buildActionMask = 2147483647;
			files = (
			);
			runOnlyForDeploymentPostprocessing = 0;
		};
		1750E2DB1DACD098009D2BE1 /* Resources */ = {
			isa = PBXResourcesBuildPhase;
			buildActionMask = 2147483647;
			files = (
			);
			runOnlyForDeploymentPostprocessing = 0;
		};
/* End PBXResourcesBuildPhase section */

/* Begin PBXSourcesBuildPhase section */
		1750E2B51DACD098009D2BE1 /* Sources */ = {
			isa = PBXSourcesBuildPhase;
			buildActionMask = 2147483647;
			files = (
				1750E2F61DACD2D2009D2BE1 /* UIView+XLJExternFrame.m in Sources */,
				1750E2C41DACD098009D2BE1 /* ViewController.m in Sources */,
				1750E2C11DACD098009D2BE1 /* AppDelegate.m in Sources */,
				1750E2F31DACD270009D2BE1 /* XLJNewFetureController.m in Sources */,
				1750E2FC1DACD7A8009D2BE1 /* XLJCollectionViewCell.m in Sources */,
				1750E2BE1DACD098009D2BE1 /* main.m in Sources */,
				17C8E55E1DACDD930025B6D1 /* XLJExButton.m in Sources */,
			);
			runOnlyForDeploymentPostprocessing = 0;
		};
		1750E2CE1DACD098009D2BE1 /* Sources */ = {
			isa = PBXSourcesBuildPhase;
			buildActionMask = 2147483647;
			files = (
				1750E2D71DACD098009D2BE1 /* NewFeatureDemoTests.m in Sources */,
			);
			runOnlyForDeploymentPostprocessing = 0;
		};
		1750E2D91DACD098009D2BE1 /* Sources */ = {
			isa = PBXSourcesBuildPhase;
			buildActionMask = 2147483647;
			files = (
				1750E2E21DACD098009D2BE1 /* NewFeatureDemoUITests.m in Sources */,
			);
			runOnlyForDeploymentPostprocessing = 0;
		};
/* End PBXSourcesBuildPhase section */

/* Begin PBXTargetDependency section */
		1750E2D41DACD098009D2BE1 /* PBXTargetDependency */ = {
			isa = PBXTargetDependency;
			target = 1750E2B81DACD098009D2BE1 /* NewFeatureDemo */;
			targetProxy = 1750E2D31DACD098009D2BE1 /* PBXContainerItemProxy */;
		};
		1750E2DF1DACD098009D2BE1 /* PBXTargetDependency */ = {
			isa = PBXTargetDependency;
			target = 1750E2B81DACD098009D2BE1 /* NewFeatureDemo */;
			targetProxy = 1750E2DE1DACD098009D2BE1 /* PBXContainerItemProxy */;
		};
/* End PBXTargetDependency section */

/* Begin PBXVariantGroup section */
		1750E2C51DACD098009D2BE1 /* Main.storyboard */ = {
			isa = PBXVariantGroup;
			children = (
				1750E2C61DACD098009D2BE1 /* Base */,
			);
			name = Main.storyboard;
			sourceTree = "<group>";
		};
		1750E2CA1DACD098009D2BE1 /* LaunchScreen.storyboard */ = {
			isa = PBXVariantGroup;
			children = (
				1750E2CB1DACD098009D2BE1 /* Base */,
			);
			name = LaunchScreen.storyboard;
			sourceTree = "<group>";
		};
/* End PBXVariantGroup section */

/* Begin XCBuildConfiguration section */
		1750E2E41DACD098009D2BE1 /* Debug */ = {
			isa = XCBuildConfiguration;
			buildSettings = {
				ALWAYS_SEARCH_USER_PATHS = NO;
				CLANG_CXX_LANGUAGE_STANDARD = "gnu++0x";
				CLANG_CXX_LIBRARY = "libc++";
				CLANG_ENABLE_MODULES = YES;
				CLANG_ENABLE_OBJC_ARC = YES;
				CLANG_WARN_BOOL_CONVERSION = YES;
				CLANG_WARN_CONSTANT_CONVERSION = YES;
				CLANG_WARN_DIRECT_OBJC_ISA_USAGE = YES_ERROR;
				CLANG_WARN_EMPTY_BODY = YES;
				CLANG_WARN_ENUM_CONVERSION = YES;
				CLANG_WARN_INT_CONVERSION = YES;
				CLANG_WARN_OBJC_ROOT_CLASS = YES_ERROR;
				CLANG_WARN_UNREACHABLE_CODE = YES;
				CLANG_WARN__DUPLICATE_METHOD_MATCH = YES;
				"CODE_SIGN_IDENTITY[sdk=iphoneos*]" = "iPhone Developer";
				COPY_PHASE_STRIP = NO;
				DEBUG_INFORMATION_FORMAT = dwarf;
				ENABLE_STRICT_OBJC_MSGSEND = YES;
				ENABLE_TESTABILITY = YES;
				GCC_C_LANGUAGE_STANDARD = gnu99;
				GCC_DYNAMIC_NO_PIC = NO;
				GCC_NO_COMMON_BLOCKS = YES;
				GCC_OPTIMIZATION_LEVEL = 0;
				GCC_PREPROCESSOR_DEFINITIONS = (
					"DEBUG=1",
					"$(inherited)",
				);
				GCC_WARN_64_TO_32_BIT_CONVERSION = YES;
				GCC_WARN_ABOUT_RETURN_TYPE = YES_ERROR;
				GCC_WARN_UNDECLARED_SELECTOR = YES;
				GCC_WARN_UNINITIALIZED_AUTOS = YES_AGGRESSIVE;
				GCC_WARN_UNUSED_FUNCTION = YES;
				GCC_WARN_UNUSED_VARIABLE = YES;
				IPHONEOS_DEPLOYMENT_TARGET = 9.2;
				MTL_ENABLE_DEBUG_INFO = YES;
				ONLY_ACTIVE_ARCH = YES;
				SDKROOT = iphoneos;
			};
			name = Debug;
		};
		1750E2E51DACD098009D2BE1 /* Release */ = {
			isa = XCBuildConfiguration;
			buildSettings = {
				ALWAYS_SEARCH_USER_PATHS = NO;
				CLANG_CXX_LANGUAGE_STANDARD = "gnu++0x";
				CLANG_CXX_LIBRARY = "libc++";
				CLANG_ENABLE_MODULES = YES;
				CLANG_ENABLE_OBJC_ARC = YES;
				CLANG_WARN_BOOL_CONVERSION = YES;
				CLANG_WARN_CONSTANT_CONVERSION = YES;
				CLANG_WARN_DIRECT_OBJC_ISA_USAGE = YES_ERROR;
				CLANG_WARN_EMPTY_BODY = YES;
				CLANG_WARN_ENUM_CONVERSION = YES;
				CLANG_WARN_INT_CONVERSION = YES;
				CLANG_WARN_OBJC_ROOT_CLASS = YES_ERROR;
				CLANG_WARN_UNREACHABLE_CODE = YES;
				CLANG_WARN__DUPLICATE_METHOD_MATCH = YES;
				"CODE_SIGN_IDENTITY[sdk=iphoneos*]" = "iPhone Developer";
				COPY_PHASE_STRIP = NO;
				DEBUG_INFORMATION_FORMAT = "dwarf-with-dsym";
				ENABLE_NS_ASSERTIONS = NO;
				ENABLE_STRICT_OBJC_MSGSEND = YES;
				GCC_C_LANGUAGE_STANDARD = gnu99;
				GCC_NO_COMMON_BLOCKS = YES;
				GCC_WARN_64_TO_32_BIT_CONVERSION = YES;
				GCC_WARN_ABOUT_RETURN_TYPE = YES_ERROR;
				GCC_WARN_UNDECLARED_SELECTOR = YES;
				GCC_WARN_UNINITIALIZED_AUTOS = YES_AGGRESSIVE;
				GCC_WARN_UNUSED_FUNCTION = YES;
				GCC_WARN_UNUSED_VARIABLE = YES;
				IPHONEOS_DEPLOYMENT_TARGET = 9.2;
				MTL_ENABLE_DEBUG_INFO = NO;
				SDKROOT = iphoneos;
				VALIDATE_PRODUCT = YES;
			};
			name = Release;
		};
		1750E2E71DACD098009D2BE1 /* Debug */ = {
			isa = XCBuildConfiguration;
			buildSettings = {
				ASSETCATALOG_COMPILER_APPICON_NAME = AppIcon;
				INFOPLIST_FILE = NewFeatureDemo/Info.plist;
				LD_RUNPATH_SEARCH_PATHS = "$(inherited) @executable_path/Frameworks";
				PRODUCT_BUNDLE_IDENTIFIER = cn.001yumama.NewFeatureDemo;
				PRODUCT_NAME = "$(TARGET_NAME)";
			};
			name = Debug;
		};
		1750E2E81DACD098009D2BE1 /* Release */ = {
			isa = XCBuildConfiguration;
			buildSettings = {
				ASSETCATALOG_COMPILER_APPICON_NAME = AppIcon;
				INFOPLIST_FILE = NewFeatureDemo/Info.plist;
				LD_RUNPATH_SEARCH_PATHS = "$(inherited) @executable_path/Frameworks";
				PRODUCT_BUNDLE_IDENTIFIER = cn.001yumama.NewFeatureDemo;
				PRODUCT_NAME = "$(TARGET_NAME)";
			};
			name = Release;
		};
		1750E2EA1DACD098009D2BE1 /* Debug */ = {
			isa = XCBuildConfiguration;
			buildSettings = {
				BUNDLE_LOADER = "$(TEST_HOST)";
				INFOPLIST_FILE = NewFeatureDemoTests/Info.plist;
				LD_RUNPATH_SEARCH_PATHS = "$(inherited) @executable_path/Frameworks @loader_path/Frameworks";
				PRODUCT_BUNDLE_IDENTIFIER = cn.001yumama.NewFeatureDemoTests;
				PRODUCT_NAME = "$(TARGET_NAME)";
				TEST_HOST = "$(BUILT_PRODUCTS_DIR)/NewFeatureDemo.app/NewFeatureDemo";
			};
			name = Debug;
		};
		1750E2EB1DACD098009D2BE1 /* Release */ = {
			isa = XCBuildConfiguration;
			buildSettings = {
				BUNDLE_LOADER = "$(TEST_HOST)";
				INFOPLIST_FILE = NewFeatureDemoTests/Info.plist;
				LD_RUNPATH_SEARCH_PATHS = "$(inherited) @executable_path/Frameworks @loader_path/Frameworks";
				PRODUCT_BUNDLE_IDENTIFIER = cn.001yumama.NewFeatureDemoTests;
				PRODUCT_NAME = "$(TARGET_NAME)";
				TEST_HOST = "$(BUILT_PRODUCTS_DIR)/NewFeatureDemo.app/NewFeatureDemo";
			};
			name = Release;
		};
		1750E2ED1DACD098009D2BE1 /* Debug */ = {
			isa = XCBuildConfiguration;
			buildSettings = {
				INFOPLIST_FILE = NewFeatureDemoUITests/Info.plist;
				LD_RUNPATH_SEARCH_PATHS = "$(inherited) @executable_path/Frameworks @loader_path/Frameworks";
				PRODUCT_BUNDLE_IDENTIFIER = cn.001yumama.NewFeatureDemoUITests;
				PRODUCT_NAME = "$(TARGET_NAME)";
				TEST_TARGET_NAME = NewFeatureDemo;
				USES_XCTRUNNER = YES;
			};
			name = Debug;
		};
		1750E2EE1DACD098009D2BE1 /* Release */ = {
			isa = XCBuildConfiguration;
			buildSettings = {
				INFOPLIST_FILE = NewFeatureDemoUITests/Info.plist;
				LD_RUNPATH_SEARCH_PATHS = "$(inherited) @executable_path/Frameworks @loader_path/Frameworks";
				PRODUCT_BUNDLE_IDENTIFIER = cn.001yumama.NewFeatureDemoUITests;
				PRODUCT_NAME = "$(TARGET_NAME)";
				TEST_TARGET_NAME = NewFeatureDemo;
				USES_XCTRUNNER = YES;
			};
			name = Release;
		};
/* End XCBuildConfiguration section */

/* Begin XCConfigurationList section */
		1750E2B41DACD098009D2BE1 /* Build configuration list for PBXProject "NewFeatureDemo" */ = {
			isa = XCConfigurationList;
			buildConfigurations = (
				1750E2E41DACD098009D2BE1 /* Debug */,
				1750E2E51DACD098009D2BE1 /* Release */,
			);
			defaultConfigurationIsVisible = 0;
			defaultConfigurationName = Release;
		};
		1750E2E61DACD098009D2BE1 /* Build configuration list for PBXNativeTarget "NewFeatureDemo" */ = {
			isa = XCConfigurationList;
			buildConfigurations = (
				1750E2E71DACD098009D2BE1 /* Debug */,
				1750E2E81DACD098009D2BE1 /* Release */,
			);
			defaultConfigurationIsVisible = 0;
			defaultConfigurationName = Release;
		};
		1750E2E91DACD098009D2BE1 /* Build configuration list for PBXNativeTarget "NewFeatureDemoTests" */ = {
			isa = XCConfigurationList;
			buildConfigurations = (
				1750E2EA1DACD098009D2BE1 /* Debug */,
				1750E2EB1DACD098009D2BE1 /* Release */,
			);
			defaultConfigurationIsVisible = 0;
			defaultConfigurationName = Release;
		};
		1750E2EC1DACD098009D2BE1 /* Build configuration list for PBXNativeTarget "NewFeatureDemoUITests" */ = {
			isa = XCConfigurationList;
			buildConfigurations = (
				1750E2ED1DACD098009D2BE1 /* Debug */,
				1750E2EE1DACD098009D2BE1 /* Release */,
			);
			defaultConfigurationIsVisible = 0;
			defaultConfigurationName = Release;
		};
/* End XCConfigurationList section */
	};
	rootObject = 1750E2B11DACD098009D2BE1 /* Project object */;
}
